
Microsoft Visual Studio Solution File, Format Version 12.00
# Visual Studio Version 16
VisualStudioVersion = 16.0.31321.278
MinimumVisualStudioVersion = 10.0.40219.1
Project("{FAE04EC0-301F-11D3-BF4B-00C04F79EFBC}") = "CadastroDeSeries.MVC", "CadastroDeSeries.MVC\CadastroDeSeries.MVC.csproj", "{14355A48-7C1F-4B0F-B01E-40B02C4C06E1}"
EndProject
Global
	GlobalSection(SolutionConfigurationPlatforms) = preSolution
		Debug|Any CPU = Debug|Any CPU
		Release|Any CPU = Release|Any CPU
	EndGlobalSection
	GlobalSection(ProjectConfigurationPlatforms) = postSolution
		{14355A48-7C1F-4B0F-B01E-40B02C4C06E1}.Debug|Any CPU.ActiveCfg = Debug|Any CPU
		{14355A48-7C1F-4B0F-B01E-40B02C4C06E1}.Debug|Any CPU.Build.0 = Debug|Any CPU
		{14355A48-7C1F-4B0F-B01E-40B02C4C06E1}.Release|Any CPU.ActiveCfg = Release|Any CPU
		{14355A48-7C1F-4B0F-B01E-40B02C4C06E1}.Release|Any CPU.Build.0 = Release|Any CPU
	EndGlobalSection
	GlobalSection(SolutionProperties) = preSolution
		HideSolutionNode = FALSE
	EndGlobalSection
	GlobalSection(ExtensibilityGlobals) = postSolution
		SolutionGuid = {08A900D0-B375-430E-A064-59D3CE71F107}
	EndGlobalSection
EndGlobal
